
Microsoft Visual Studio Solution File, Format Version 12.00
Project("{2150E333-8FDC-42A3-9474-1A3956D46DE8}") = "src", "src", "{43F7B040-5F29-46F4-97B2-F0285AA7F1BE}"
EndProject
Project("{FAE04EC0-301F-11D3-BF4B-00C04F79EFBC}") = "CatGallery2.Application", "CatGallery2.Application\CatGallery2.Application.csproj", "{7AC279C7-D4E2-4FF2-9274-96F92310A923}"
EndProject
Project("{FAE04EC0-301F-11D3-BF4B-00C04F79EFBC}") = "CatGallery2.Infrastructure.CatApi", "CatGallery2.Infrastructure.CatApi\CatGallery2.Infrastructure.CatApi.csproj", "{51173DED-6B97-403C-8B4A-71ECC346C96C}"
EndProject
Project("{FAE04EC0-301F-11D3-BF4B-00C04F79EFBC}") = "CatGallery2.Infrastructure.MinioStorage", "CatGallery2.Infrastructure.MinioStorage\CatGallery2.Infrastructure.MinioStorage.csproj", "{08F4E243-9A71-46E3-980E-7A22571BB339}"
EndProject
Project("{FAE04EC0-301F-11D3-BF4B-00C04F79EFBC}") = "CatGallery2.Infrastructure.PostgresRepository", "CatGallery2.Infrastructure.PostgresRepository\CatGallery2.Infrastructure.PostgresRepository.csproj", "{9A50DCC3-5811-4827-9ACD-D7FEFF1B0109}"
EndProject
Project("{FAE04EC0-301F-11D3-BF4B-00C04F79EFBC}") = "CatGallery2.Infrastructure.RedisCache", "CatGallery2.Infrastructure.RedisCache\CatGallery2.Infrastructure.RedisCache.csproj", "{B4FC4322-2F94-4563-B8B3-2F7E709D1A79}"
EndProject
Project("{FAE04EC0-301F-11D3-BF4B-00C04F79EFBC}") = "CatGallery2.Web", "CatGallery2.Web\CatGallery2.Web.csproj", "{E95F8E50-135A-4ECD-82AC-52CFEE4AE866}"
EndProject
Project("{FAE04EC0-301F-11D3-BF4B-00C04F79EFBC}") = "CatGallery2.Auth", "CatGallery2.Auth\CatGallery2.Auth.csproj", "{290A33C0-E78F-483A-8ABB-DEF59D4D30CD}"
EndProject
Global
	GlobalSection(SolutionConfigurationPlatforms) = preSolution
		Debug|Any CPU = Debug|Any CPU
		Release|Any CPU = Release|Any CPU
	EndGlobalSection
	GlobalSection(NestedProjects) = preSolution
		{13C4B7FB-AF9D-41FA-B6FD-848B08308787} = {43F7B040-5F29-46F4-97B2-F0285AA7F1BE}
		{2086096B-3F8B-46C7-A213-17F37EA6515A} = {43F7B040-5F29-46F4-97B2-F0285AA7F1BE}
		{1CDD7022-7BCD-43D9-9B6B-9BCAD3517CD6} = {43F7B040-5F29-46F4-97B2-F0285AA7F1BE}
		{7AC279C7-D4E2-4FF2-9274-96F92310A923} = {43F7B040-5F29-46F4-97B2-F0285AA7F1BE}
		{51173DED-6B97-403C-8B4A-71ECC346C96C} = {43F7B040-5F29-46F4-97B2-F0285AA7F1BE}
		{08F4E243-9A71-46E3-980E-7A22571BB339} = {43F7B040-5F29-46F4-97B2-F0285AA7F1BE}
		{9A50DCC3-5811-4827-9ACD-D7FEFF1B0109} = {43F7B040-5F29-46F4-97B2-F0285AA7F1BE}
		{B4FC4322-2F94-4563-B8B3-2F7E709D1A79} = {43F7B040-5F29-46F4-97B2-F0285AA7F1BE}
		{E95F8E50-135A-4ECD-82AC-52CFEE4AE866} = {43F7B040-5F29-46F4-97B2-F0285AA7F1BE}
		{290A33C0-E78F-483A-8ABB-DEF59D4D30CD} = {43F7B040-5F29-46F4-97B2-F0285AA7F1BE}
	EndGlobalSection
	GlobalSection(ProjectConfigurationPlatforms) = postSolution
		{13C4B7FB-AF9D-41FA-B6FD-848B08308787}.Debug|Any CPU.ActiveCfg = Debug|Any CPU
		{13C4B7FB-AF9D-41FA-B6FD-848B08308787}.Debug|Any CPU.Build.0 = Debug|Any CPU
		{13C4B7FB-AF9D-41FA-B6FD-848B08308787}.Release|Any CPU.ActiveCfg = Release|Any CPU
		{13C4B7FB-AF9D-41FA-B6FD-848B08308787}.Release|Any CPU.Build.0 = Release|Any CPU
		{2086096B-3F8B-46C7-A213-17F37EA6515A}.Debug|Any CPU.ActiveCfg = Debug|Any CPU
		{2086096B-3F8B-46C7-A213-17F37EA6515A}.Debug|Any CPU.Build.0 = Debug|Any CPU
		{2086096B-3F8B-46C7-A213-17F37EA6515A}.Release|Any CPU.ActiveCfg = Release|Any CPU
		{2086096B-3F8B-46C7-A213-17F37EA6515A}.Release|Any CPU.Build.0 = Release|Any CPU
		{1CDD7022-7BCD-43D9-9B6B-9BCAD3517CD6}.Debug|Any CPU.ActiveCfg = Debug|Any CPU
		{1CDD7022-7BCD-43D9-9B6B-9BCAD3517CD6}.Debug|Any CPU.Build.0 = Debug|Any CPU
		{1CDD7022-7BCD-43D9-9B6B-9BCAD3517CD6}.Release|Any CPU.ActiveCfg = Release|Any CPU
		{1CDD7022-7BCD-43D9-9B6B-9BCAD3517CD6}.Release|Any CPU.Build.0 = Release|Any CPU
		{7AC279C7-D4E2-4FF2-9274-96F92310A923}.Debug|Any CPU.ActiveCfg = Debug|Any CPU
		{7AC279C7-D4E2-4FF2-9274-96F92310A923}.Debug|Any CPU.Build.0 = Debug|Any CPU
		{7AC279C7-D4E2-4FF2-9274-96F92310A923}.Release|Any CPU.ActiveCfg = Release|Any CPU
		{7AC279C7-D4E2-4FF2-9274-96F92310A923}.Release|Any CPU.Build.0 = Release|Any CPU
		{51173DED-6B97-403C-8B4A-71ECC346C96C}.Debug|Any CPU.ActiveCfg = Debug|Any CPU
		{51173DED-6B97-403C-8B4A-71ECC346C96C}.Debug|Any CPU.Build.0 = Debug|Any CPU
		{51173DED-6B97-403C-8B4A-71ECC346C96C}.Release|Any CPU.ActiveCfg = Release|Any CPU
		{51173DED-6B97-403C-8B4A-71ECC346C96C}.Release|Any CPU.Build.0 = Release|Any CPU
		{08F4E243-9A71-46E3-980E-7A22571BB339}.Debug|Any CPU.ActiveCfg = Debug|Any CPU
		{08F4E243-9A71-46E3-980E-7A22571BB339}.Debug|Any CPU.Build.0 = Debug|Any CPU
		{08F4E243-9A71-46E3-980E-7A22571BB339}.Release|Any CPU.ActiveCfg = Release|Any CPU
		{08F4E243-9A71-46E3-980E-7A22571BB339}.Release|Any CPU.Build.0 = Release|Any CPU
		{9A50DCC3-5811-4827-9ACD-D7FEFF1B0109}.Debug|Any CPU.ActiveCfg = Debug|Any CPU
		{9A50DCC3-5811-4827-9ACD-D7FEFF1B0109}.Debug|Any CPU.Build.0 = Debug|Any CPU
		{9A50DCC3-5811-4827-9ACD-D7FEFF1B0109}.Release|Any CPU.ActiveCfg = Release|Any CPU
		{9A50DCC3-5811-4827-9ACD-D7FEFF1B0109}.Release|Any CPU.Build.0 = Release|Any CPU
		{B4FC4322-2F94-4563-B8B3-2F7E709D1A79}.Debug|Any CPU.ActiveCfg = Debug|Any CPU
		{B4FC4322-2F94-4563-B8B3-2F7E709D1A79}.Debug|Any CPU.Build.0 = Debug|Any CPU
		{B4FC4322-2F94-4563-B8B3-2F7E709D1A79}.Release|Any CPU.ActiveCfg = Release|Any CPU
		{B4FC4322-2F94-4563-B8B3-2F7E709D1A79}.Release|Any CPU.Build.0 = Release|Any CPU
		{E95F8E50-135A-4ECD-82AC-52CFEE4AE866}.Debug|Any CPU.ActiveCfg = Debug|Any CPU
		{E95F8E50-135A-4ECD-82AC-52CFEE4AE866}.Debug|Any CPU.Build.0 = Debug|Any CPU
		{E95F8E50-135A-4ECD-82AC-52CFEE4AE866}.Release|Any CPU.ActiveCfg = Release|Any CPU
		{E95F8E50-135A-4ECD-82AC-52CFEE4AE866}.Release|Any CPU.Build.0 = Release|Any CPU
		{290A33C0-E78F-483A-8ABB-DEF59D4D30CD}.Debug|Any CPU.ActiveCfg = Debug|Any CPU
		{290A33C0-E78F-483A-8ABB-DEF59D4D30CD}.Debug|Any CPU.Build.0 = Debug|Any CPU
		{290A33C0-E78F-483A-8ABB-DEF59D4D30CD}.Release|Any CPU.ActiveCfg = Release|Any CPU
		{290A33C0-E78F-483A-8ABB-DEF59D4D30CD}.Release|Any CPU.Build.0 = Release|Any CPU
	EndGlobalSection
EndGlobal
