
Microsoft Visual Studio Solution File, Format Version 12.00
Project("{2150E333-8FDC-42A3-9474-1A3956D46DE8}") = "src", "src", "{43F7B040-5F29-46F4-97B2-F0285AA7F1BE}"
EndProject
Project("{FAE04EC0-301F-11D3-BF4B-00C04F79EFBC}") = "CatsGallery.Web", "CatsGallery.Web\CatsGallery.Web.csproj", "{1CDD7022-7BCD-43D9-9B6B-9BCAD3517CD6}"
EndProject
Project("{FAE04EC0-301F-11D3-BF4B-00C04F79EFBC}") = "CatsGallery.Shared", "CatsGallery.Shared\CatsGallery.Shared.csproj", "{25F8AF35-8574-4981-97E6-770A8506BBD8}"
EndProject
Project("{FAE04EC0-301F-11D3-BF4B-00C04F79EFBC}") = "CatsGallery.Infrastructure", "CatsGallery.Infrastructure\CatsGallery.Infrastructure.csproj", "{765E8191-83AF-4646-8EDB-04F1F807B0A0}"
EndProject
Project("{FAE04EC0-301F-11D3-BF4B-00C04F79EFBC}") = "CatsGallery.Application", "CatsGallery.Application\CatsGallery.Application.csproj", "{B30F8284-9DA4-4F42-8389-85C7149CBB1B}"
EndProject
Global
	GlobalSection(SolutionConfigurationPlatforms) = preSolution
		Debug|Any CPU = Debug|Any CPU
		Release|Any CPU = Release|Any CPU
	EndGlobalSection
	GlobalSection(NestedProjects) = preSolution
		{1CDD7022-7BCD-43D9-9B6B-9BCAD3517CD6} = {43F7B040-5F29-46F4-97B2-F0285AA7F1BE}
		{25F8AF35-8574-4981-97E6-770A8506BBD8} = {43F7B040-5F29-46F4-97B2-F0285AA7F1BE}
		{765E8191-83AF-4646-8EDB-04F1F807B0A0} = {43F7B040-5F29-46F4-97B2-F0285AA7F1BE}
		{B30F8284-9DA4-4F42-8389-85C7149CBB1B} = {43F7B040-5F29-46F4-97B2-F0285AA7F1BE}
	EndGlobalSection
	GlobalSection(ProjectConfigurationPlatforms) = postSolution
		{1CDD7022-7BCD-43D9-9B6B-9BCAD3517CD6}.Debug|Any CPU.ActiveCfg = Debug|Any CPU
		{1CDD7022-7BCD-43D9-9B6B-9BCAD3517CD6}.Debug|Any CPU.Build.0 = Debug|Any CPU
		{1CDD7022-7BCD-43D9-9B6B-9BCAD3517CD6}.Release|Any CPU.ActiveCfg = Release|Any CPU
		{1CDD7022-7BCD-43D9-9B6B-9BCAD3517CD6}.Release|Any CPU.Build.0 = Release|Any CPU
		{25F8AF35-8574-4981-97E6-770A8506BBD8}.Debug|Any CPU.ActiveCfg = Debug|Any CPU
		{25F8AF35-8574-4981-97E6-770A8506BBD8}.Debug|Any CPU.Build.0 = Debug|Any CPU
		{25F8AF35-8574-4981-97E6-770A8506BBD8}.Release|Any CPU.ActiveCfg = Release|Any CPU
		{25F8AF35-8574-4981-97E6-770A8506BBD8}.Release|Any CPU.Build.0 = Release|Any CPU
		{765E8191-83AF-4646-8EDB-04F1F807B0A0}.Debug|Any CPU.ActiveCfg = Debug|Any CPU
		{765E8191-83AF-4646-8EDB-04F1F807B0A0}.Debug|Any CPU.Build.0 = Debug|Any CPU
		{765E8191-83AF-4646-8EDB-04F1F807B0A0}.Release|Any CPU.ActiveCfg = Release|Any CPU
		{765E8191-83AF-4646-8EDB-04F1F807B0A0}.Release|Any CPU.Build.0 = Release|Any CPU
		{B30F8284-9DA4-4F42-8389-85C7149CBB1B}.Debug|Any CPU.ActiveCfg = Debug|Any CPU
		{B30F8284-9DA4-4F42-8389-85C7149CBB1B}.Debug|Any CPU.Build.0 = Debug|Any CPU
		{B30F8284-9DA4-4F42-8389-85C7149CBB1B}.Release|Any CPU.ActiveCfg = Release|Any CPU
		{B30F8284-9DA4-4F42-8389-85C7149CBB1B}.Release|Any CPU.Build.0 = Release|Any CPU
	EndGlobalSection
EndGlobal
